
Microsoft Visual Studio Solution File, Format Version 12.00
# Visual Studio Version 16
VisualStudioVersion = 16.0.31205.134
MinimumVisualStudioVersion = 10.0.40219.1
Project("{FAE04EC0-301F-11D3-BF4B-00C04F79EFBC}") = "StudentProject", "StudentProject\StudentProject.csproj", "{0EA2E5BA-DF18-48FF-9BA2-E42FB4EB7B1D}"
EndProject
Global
	GlobalSection(SolutionConfigurationPlatforms) = preSolution
		Debug|Any CPU = Debug|Any CPU
		Release|Any CPU = Release|Any CPU
	EndGlobalSection
	GlobalSection(ProjectConfigurationPlatforms) = postSolution
		{0EA2E5BA-DF18-48FF-9BA2-E42FB4EB7B1D}.Debug|Any CPU.ActiveCfg = Debug|Any CPU
		{0EA2E5BA-DF18-48FF-9BA2-E42FB4EB7B1D}.Debug|Any CPU.Build.0 = Debug|Any CPU
		{0EA2E5BA-DF18-48FF-9BA2-E42FB4EB7B1D}.Release|Any CPU.ActiveCfg = Release|Any CPU
		{0EA2E5BA-DF18-48FF-9BA2-E42FB4EB7B1D}.Release|Any CPU.Build.0 = Release|Any CPU
	EndGlobalSection
	GlobalSection(SolutionProperties) = preSolution
		HideSolutionNode = FALSE
	EndGlobalSection
	GlobalSection(ExtensibilityGlobals) = postSolution
		SolutionGuid = {FDB4898F-32AB-4858-8578-3677819C7FED}
	EndGlobalSection
EndGlobal
